
Microsoft Visual Studio Solution File, Format Version 12.00
# Visual Studio Version 17
VisualStudioVersion = 17.3.32825.248
MinimumVisualStudioVersion = 10.0.40219.1
Project("{FAE04EC0-301F-11D3-BF4B-00C04F79EFBC}") = "CGA_labs", "CGA_labs\CGA_labs.csproj", "{550ABAA6-1ADC-45E7-BEDE-32227A13BA4B}"
EndProject
Global
	GlobalSection(SolutionConfigurationPlatforms) = preSolution
		Debug|Any CPU = Debug|Any CPU
		Release|Any CPU = Release|Any CPU
	EndGlobalSection
	GlobalSection(ProjectConfigurationPlatforms) = postSolution
		{550ABAA6-1ADC-45E7-BEDE-32227A13BA4B}.Debug|Any CPU.ActiveCfg = Debug|Any CPU
		{550ABAA6-1ADC-45E7-BEDE-32227A13BA4B}.Debug|Any CPU.Build.0 = Debug|Any CPU
		{550ABAA6-1ADC-45E7-BEDE-32227A13BA4B}.Release|Any CPU.ActiveCfg = Release|Any CPU
		{550ABAA6-1ADC-45E7-BEDE-32227A13BA4B}.Release|Any CPU.Build.0 = Release|Any CPU
	EndGlobalSection
	GlobalSection(SolutionProperties) = preSolution
		HideSolutionNode = FALSE
	EndGlobalSection
	GlobalSection(ExtensibilityGlobals) = postSolution
		SolutionGuid = {8B3CF33A-D62F-4A7F-8E77-BB02EBEED034}
	EndGlobalSection
EndGlobal
